
Microsoft Visual Studio Solution File, Format Version 12.00
# Visual Studio Version 17
VisualStudioVersion = 17.10.35013.160
MinimumVisualStudioVersion = 10.0.40219.1
Project("{FAE04EC0-301F-11D3-BF4B-00C04F79EFBC}") = "ENOMVG_SOF_2023242", "ENOMVG_SOF_2023242\ENOMVG_SOF_2023242.csproj", "{4FAD6830-E164-4DA0-918B-6F57FC34BC4A}"
EndProject
Global
	GlobalSection(SolutionConfigurationPlatforms) = preSolution
		Debug|Any CPU = Debug|Any CPU
		Release|Any CPU = Release|Any CPU
	EndGlobalSection
	GlobalSection(ProjectConfigurationPlatforms) = postSolution
		{4FAD6830-E164-4DA0-918B-6F57FC34BC4A}.Debug|Any CPU.ActiveCfg = Debug|Any CPU
		{4FAD6830-E164-4DA0-918B-6F57FC34BC4A}.Debug|Any CPU.Build.0 = Debug|Any CPU
		{4FAD6830-E164-4DA0-918B-6F57FC34BC4A}.Release|Any CPU.ActiveCfg = Release|Any CPU
		{4FAD6830-E164-4DA0-918B-6F57FC34BC4A}.Release|Any CPU.Build.0 = Release|Any CPU
	EndGlobalSection
	GlobalSection(SolutionProperties) = preSolution
		HideSolutionNode = FALSE
	EndGlobalSection
	GlobalSection(ExtensibilityGlobals) = postSolution
		SolutionGuid = {52D0D373-4ACE-4E6C-87A6-E0577D2FBAF6}
	EndGlobalSection
EndGlobal
